
Microsoft Visual Studio Solution File, Format Version 12.00
# Visual Studio Version 17
VisualStudioVersion = 17.4.33403.182
MinimumVisualStudioVersion = 10.0.40219.1
Project("{8BC9CEB8-8B4A-11D0-8D11-00A0C91BC942}") = "5zadZ", "5zadZ\5zadZ.vcxproj", "{25D2E590-A5D7-45BB-AC13-A5968DE7491A}"
EndProject
Global
	GlobalSection(SolutionConfigurationPlatforms) = preSolution
		Debug|x64 = Debug|x64
		Debug|x86 = Debug|x86
		Release|x64 = Release|x64
		Release|x86 = Release|x86
	EndGlobalSection
	GlobalSection(ProjectConfigurationPlatforms) = postSolution
		{25D2E590-A5D7-45BB-AC13-A5968DE7491A}.Debug|x64.ActiveCfg = Debug|x64
		{25D2E590-A5D7-45BB-AC13-A5968DE7491A}.Debug|x64.Build.0 = Debug|x64
		{25D2E590-A5D7-45BB-AC13-A5968DE7491A}.Debug|x86.ActiveCfg = Debug|Win32
		{25D2E590-A5D7-45BB-AC13-A5968DE7491A}.Debug|x86.Build.0 = Debug|Win32
		{25D2E590-A5D7-45BB-AC13-A5968DE7491A}.Release|x64.ActiveCfg = Release|x64
		{25D2E590-A5D7-45BB-AC13-A5968DE7491A}.Release|x64.Build.0 = Release|x64
		{25D2E590-A5D7-45BB-AC13-A5968DE7491A}.Release|x86.ActiveCfg = Release|Win32
		{25D2E590-A5D7-45BB-AC13-A5968DE7491A}.Release|x86.Build.0 = Release|Win32
	EndGlobalSection
	GlobalSection(SolutionProperties) = preSolution
		HideSolutionNode = FALSE
	EndGlobalSection
	GlobalSection(ExtensibilityGlobals) = postSolution
		SolutionGuid = {4B141FD3-0079-4870-8D9D-BD5FDDFD8690}
	EndGlobalSection
EndGlobal
